{
  "originHash" : "fe80d800fd3546609c8e9654610353e79fda7758e5303f523f9d300219eddff7",
  "pins" : [
    {
      "identity" : "rive-ios",
      "kind" : "remoteSourceControl",
      "location" : "https://github.com/rive-app/rive-ios.git",
      "state" : {
        "revision" : "4d69c927b8c5b599f2caa58e818290bb7ceebce7",
        "version" : "6.8.1"
      }
    }
  ],
  "version" : 3
}
